// !$*UTF8*$!
{
	archiveVersion = 1;
	classes = {
	};
	objectVersion = 46;
	objects = {

/* Begin PBXBuildFile section */
		4C0772E916B9E079009D25C9 /* UIKit.framework in Frameworks */ = {isa = PBXBuildFile; fileRef = 4C0772E816B9E079009D25C9 /* UIKit.framework */; };
		4C0772EB16B9E079009D25C9 /* Foundation.framework in Frameworks */ = {isa = PBXBuildFile; fileRef = 4C0772EA16B9E079009D25C9 /* Foundation.framework */; };
		4C0772ED16B9E079009D25C9 /* CoreGraphics.framework in Frameworks */ = {isa = PBXBuildFile; fileRef = 4C0772EC16B9E079009D25C9 /* CoreGraphics.framework */; };
		4C0772F316B9E079009D25C9 /* InfoPlist.strings in Resources */ = {isa = PBXBuildFile; fileRef = 4C0772F116B9E079009D25C9 /* InfoPlist.strings */; };
		4C0772F516B9E079009D25C9 /* main.m in Sources */ = {isa = PBXBuildFile; fileRef = 4C0772F416B9E079009D25C9 /* main.m */; };
		4C0772F916B9E079009D25C9 /* CalculatorAppDelegate.m in Sources */ = {isa = PBXBuildFile; fileRef = 4C0772F816B9E079009D25C9 /* CalculatorAppDelegate.m */; };
		4C0772FB16B9E079009D25C9 /* Default.png in Resources */ = {isa = PBXBuildFile; fileRef = 4C0772FA16B9E079009D25C9 /* Default.png */; };
		4C0772FD16B9E079009D25C9 /* Default@2x.png in Resources */ = {isa = PBXBuildFile; fileRef = 4C0772FC16B9E079009D25C9 /* Default@2x.png */; };
		4C0772FF16B9E079009D25C9 /* Default-568h@2x.png in Resources */ = {isa = PBXBuildFile; fileRef = 4C0772FE16B9E079009D25C9 /* Default-568h@2x.png */; };
		4C07730216B9E079009D25C9 /* MainStoryboard.storyboard in Resources */ = {isa = PBXBuildFile; fileRef = 4C07730016B9E079009D25C9 /* MainStoryboard.storyboard */; };
		4C07730516B9E079009D25C9 /* CalculatorViewController.m in Sources */ = {isa = PBXBuildFile; fileRef = 4C07730416B9E079009D25C9 /* CalculatorViewController.m */; };
/* End PBXBuildFile section */

/* Begin PBXFileReference section */
		4C0772E516B9E079009D25C9 /* SimpleCalculator.app */ = {isa = PBXFileReference; explicitFileType = wrapper.application; includeInIndex = 0; path = SimpleCalculator.app; sourceTree = BUILT_PRODUCTS_DIR; };
		4C0772E816B9E079009D25C9 /* UIKit.framework */ = {isa = PBXFileReference; lastKnownFileType = wrapper.framework; name = UIKit.framework; path = System/Library/Frameworks/UIKit.framework; sourceTree = SDKROOT; };
		4C0772EA16B9E079009D25C9 /* Foundation.framework */ = {isa = PBXFileReference; lastKnownFileType = wrapper.framework; name = Foundation.framework; path = System/Library/Frameworks/Foundation.framework; sourceTree = SDKROOT; };
		4C0772EC16B9E079009D25C9 /* CoreGraphics.framework */ = {isa = PBXFileReference; lastKnownFileType = wrapper.framework; name = CoreGraphics.framework; path = System/Library/Frameworks/CoreGraphics.framework; sourceTree = SDKROOT; };
		4C0772F016B9E079009D25C9 /* SimpleCalculator-Info.plist */ = {isa = PBXFileReference; lastKnownFileType = text.plist.xml; path = "SimpleCalculator-Info.plist"; sourceTree = "<group>"; };
		4C0772F216B9E079009D25C9 /* en */ = {isa = PBXFileReference; lastKnownFileType = text.plist.strings; name = en; path = en.lproj/InfoPlist.strings; sourceTree = "<group>"; };
		4C0772F416B9E079009D25C9 /* main.m */ = {isa = PBXFileReference; lastKnownFileType = sourcecode.c.objc; path = main.m; sourceTree = "<group>"; };
		4C0772F616B9E079009D25C9 /* SimpleCalculator-Prefix.pch */ = {isa = PBXFileReference; lastKnownFileType = sourcecode.c.h; path = "SimpleCalculator-Prefix.pch"; sourceTree = "<group>"; };
		4C0772F716B9E079009D25C9 /* CalculatorAppDelegate.h */ = {isa = PBXFileReference; lastKnownFileType = sourcecode.c.h; path = CalculatorAppDelegate.h; sourceTree = "<group>"; };
		4C0772F816B9E079009D25C9 /* CalculatorAppDelegate.m */ = {isa = PBXFileReference; lastKnownFileType = sourcecode.c.objc; path = CalculatorAppDelegate.m; sourceTree = "<group>"; };
		4C0772FA16B9E079009D25C9 /* Default.png */ = {isa = PBXFileReference; lastKnownFileType = image.png; path = Default.png; sourceTree = "<group>"; };
		4C0772FC16B9E079009D25C9 /* Default@2x.png */ = {isa = PBXFileReference; lastKnownFileType = image.png; path = "Default@2x.png"; sourceTree = "<group>"; };
		4C0772FE16B9E079009D25C9 /* Default-568h@2x.png */ = {isa = PBXFileReference; lastKnownFileType = image.png; path = "Default-568h@2x.png"; sourceTree = "<group>"; };
		4C07730116B9E079009D25C9 /* en */ = {isa = PBXFileReference; lastKnownFileType = file.storyboard; name = en; path = en.lproj/MainStoryboard.storyboard; sourceTree = "<group>"; };
		4C07730316B9E079009D25C9 /* CalculatorViewController.h */ = {isa = PBXFileReference; lastKnownFileType = sourcecode.c.h; path = CalculatorViewController.h; sourceTree = "<group>"; };
		4C07730416B9E079009D25C9 /* CalculatorViewController.m */ = {isa = PBXFileReference; lastKnownFileType = sourcecode.c.objc; path = CalculatorViewController.m; sourceTree = "<group>"; };
/* End PBXFileReference section */

/* Begin PBXFrameworksBuildPhase section */
		4C0772E216B9E079009D25C9 /* Frameworks */ = {
			isa = PBXFrameworksBuildPhase;
			buildActionMask = 2147483647;
			files = (
				4C0772E916B9E079009D25C9 /* UIKit.framework in Frameworks */,
				4C0772EB16B9E079009D25C9 /* Foundation.framework in Frameworks */,
				4C0772ED16B9E079009D25C9 /* CoreGraphics.framework in Frameworks */,
			);
			runOnlyForDeploymentPostprocessing = 0;
		};
/* End PBXFrameworksBuildPhase section */

/* Begin PBXGroup section */
		4C0772DC16B9E079009D25C9 = {
			isa = PBXGroup;
			children = (
				4C0772EE16B9E079009D25C9 /* SimpleCalculator */,
				4C0772E716B9E079009D25C9 /* Frameworks */,
				4C0772E616B9E079009D25C9 /* Products */,
			);
			sourceTree = "<group>";
		};
		4C0772E616B9E079009D25C9 /* Products */ = {
			isa = PBXGroup;
			children = (
				4C0772E516B9E079009D25C9 /* SimpleCalculator.app */,
			);
			name = Products;
			sourceTree = "<group>";
		};
		4C0772E716B9E079009D25C9 /* Frameworks */ = {
			isa = PBXGroup;
			children = (
				4C0772E816B9E079009D25C9 /* UIKit.framework */,
				4C0772EA16B9E079009D25C9 /* Foundation.framework */,
				4C0772EC16B9E079009D25C9 /* CoreGraphics.framework */,
			);
			name = Frameworks;
			sourceTree = "<group>";
		};
		4C0772EE16B9E079009D25C9 /* SimpleCalculator */ = {
			isa = PBXGroup;
			children = (
				4C0772F716B9E079009D25C9 /* CalculatorAppDelegate.h */,
				4C0772F816B9E079009D25C9 /* CalculatorAppDelegate.m */,
				4C07730016B9E079009D25C9 /* MainStoryboard.storyboard */,
				4C07730316B9E079009D25C9 /* CalculatorViewController.h */,
				4C07730416B9E079009D25C9 /* CalculatorViewController.m */,
				4C0772EF16B9E079009D25C9 /* Supporting Files */,
			);
			path = SimpleCalculator;
			sourceTree = "<group>";
		};
		4C0772EF16B9E079009D25C9 /* Supporting Files */ = {
			isa = PBXGroup;
			children = (
				4C0772F016B9E079009D25C9 /* SimpleCalculator-Info.plist */,
				4C0772F116B9E079009D25C9 /* InfoPlist.strings */,
				4C0772F416B9E079009D25C9 /* main.m */,
				4C0772F616B9E079009D25C9 /* SimpleCalculator-Prefix.pch */,
				4C0772FA16B9E079009D25C9 /* Default.png */,
				4C0772FC16B9E079009D25C9 /* Default@2x.png */,
				4C0772FE16B9E079009D25C9 /* Default-568h@2x.png */,
			);
			name = "Supporting Files";
			sourceTree = "<group>";
		};
/* End PBXGroup section */

/* Begin PBXNativeTarget section */
		4C0772E416B9E079009D25C9 /* SimpleCalculator */ = {
			isa = PBXNativeTarget;
			buildConfigurationList = 4C07730816B9E079009D25C9 /* Build configuration list for PBXNativeTarget "SimpleCalculator" */;
			buildPhases = (
				4C0772E116B9E079009D25C9 /* Sources */,
				4C0772E216B9E079009D25C9 /* Frameworks */,
				4C0772E316B9E079009D25C9 /* Resources */,
			);
			buildRules = (
			);
			dependencies = (
			);
			name = SimpleCalculator;
			productName = SimpleCalculator;
			productReference = 4C0772E516B9E079009D25C9 /* SimpleCalculator.app */;
			productType = "com.apple.product-type.application";
		};
/* End PBXNativeTarget section */

/* Begin PBXProject section */
		4C0772DD16B9E079009D25C9 /* Project object */ = {
			isa = PBXProject;
			attributes = {
				CLASSPREFIX = Calculator;
				LastUpgradeCheck = 0460;
				ORGANIZATIONNAME = "Olexandr Shalakhin";
			};
			buildConfigurationList = 4C0772E016B9E079009D25C9 /* Build configuration list for PBXProject "SimpleCalculator" */;
			compatibilityVersion = "Xcode 3.2";
			developmentRegion = English;
			hasScannedForEncodings = 0;
			knownRegions = (
				en,
			);
			mainGroup = 4C0772DC16B9E079009D25C9;
			productRefGroup = 4C0772E616B9E079009D25C9 /* Products */;
			projectDirPath = "";
			projectRoot = "";
			targets = (
				4C0772E416B9E079009D25C9 /* SimpleCalculator */,
			);
		};
/* End PBXProject section */

/* Begin PBXResourcesBuildPhase section */
		4C0772E316B9E079009D25C9 /* Resources */ = {
			isa = PBXResourcesBuildPhase;
			buildActionMask = 2147483647;
			files = (
				4C0772F316B9E079009D25C9 /* InfoPlist.strings in Resources */,
				4C0772FB16B9E079009D25C9 /* Default.png in Resources */,
				4C0772FD16B9E079009D25C9 /* Default@2x.png in Resources */,
				4C0772FF16B9E079009D25C9 /* Default-568h@2x.png in Resources */,
				4C07730216B9E079009D25C9 /* MainStoryboard.storyboard in Resources */,
			);
			runOnlyForDeploymentPostprocessing = 0;
		};
/* End PBXResourcesBuildPhase section */

/* Begin PBXSourcesBuildPhase section */
		4C0772E116B9E079009D25C9 /* Sources */ = {
			isa = PBXSourcesBuildPhase;
			buildActionMask = 2147483647;
			files = (
				4C0772F516B9E079009D25C9 /* main.m in Sources */,
				4C0772F916B9E079009D25C9 /* CalculatorAppDelegate.m in Sources */,
				4C07730516B9E079009D25C9 /* CalculatorViewController.m in Sources */,
			);
			runOnlyForDeploymentPostprocessing = 0;
		};
/* End PBXSourcesBuildPhase section */

/* Begin PBXVariantGroup section */
		4C0772F116B9E079009D25C9 /* InfoPlist.strings */ = {
			isa = PBXVariantGroup;
			children = (
				4C0772F216B9E079009D25C9 /* en */,
			);
			name = InfoPlist.strings;
			sourceTree = "<group>";
		};
		4C07730016B9E079009D25C9 /* MainStoryboard.storyboard */ = {
			isa = PBXVariantGroup;
			children = (
				4C07730116B9E079009D25C9 /* en */,
			);
			name = MainStoryboard.storyboard;
			sourceTree = "<group>";
		};
/* End PBXVariantGroup section */

/* Begin XCBuildConfiguration section */
		4C07730616B9E079009D25C9 /* Debug */ = {
			isa = XCBuildConfiguration;
			buildSettings = {
				ALWAYS_SEARCH_USER_PATHS = NO;
				CLANG_CXX_LANGUAGE_STANDARD = "gnu++0x";
				CLANG_CXX_LIBRARY = "libc++";
				CLANG_ENABLE_OBJC_ARC = YES;
				CLANG_WARN_CONSTANT_CONVERSION = YES;
				CLANG_WARN_EMPTY_BODY = YES;
				CLANG_WARN_ENUM_CONVERSION = YES;
				CLANG_WARN_INT_CONVERSION = YES;
				CLANG_WARN__DUPLICATE_METHOD_MATCH = YES;
				"CODE_SIGN_IDENTITY[sdk=iphoneos*]" = "iPhone Developer";
				COPY_PHASE_STRIP = NO;
				GCC_C_LANGUAGE_STANDARD = gnu99;
				GCC_DYNAMIC_NO_PIC = NO;
				GCC_OPTIMIZATION_LEVEL = 0;
				GCC_PREPROCESSOR_DEFINITIONS = (
					"DEBUG=1",
					"$(inherited)",
				);
				GCC_SYMBOLS_PRIVATE_EXTERN = NO;
				GCC_WARN_ABOUT_RETURN_TYPE = YES;
				GCC_WARN_UNINITIALIZED_AUTOS = YES;
				GCC_WARN_UNUSED_VARIABLE = YES;
				IPHONEOS_DEPLOYMENT_TARGET = 6.1;
				ONLY_ACTIVE_ARCH = YES;
				SDKROOT = iphoneos;
			};
			name = Debug;
		};
		4C07730716B9E079009D25C9 /* Release */ = {
			isa = XCBuildConfiguration;
			buildSettings = {
				ALWAYS_SEARCH_USER_PATHS = NO;
				CLANG_CXX_LANGUAGE_STANDARD = "gnu++0x";
				CLANG_CXX_LIBRARY = "libc++";
				CLANG_ENABLE_OBJC_ARC = YES;
				CLANG_WARN_CONSTANT_CONVERSION = YES;
				CLANG_WARN_EMPTY_BODY = YES;
				CLANG_WARN_ENUM_CONVERSION = YES;
				CLANG_WARN_INT_CONVERSION = YES;
				CLANG_WARN__DUPLICATE_METHOD_MATCH = YES;
				"CODE_SIGN_IDENTITY[sdk=iphoneos*]" = "iPhone Developer";
				COPY_PHASE_STRIP = YES;
				GCC_C_LANGUAGE_STANDARD = gnu99;
				GCC_WARN_ABOUT_RETURN_TYPE = YES;
				GCC_WARN_UNINITIALIZED_AUTOS = YES;
				GCC_WARN_UNUSED_VARIABLE = YES;
				IPHONEOS_DEPLOYMENT_TARGET = 6.1;
				OTHER_CFLAGS = "-DNS_BLOCK_ASSERTIONS=1";
				SDKROOT = iphoneos;
				VALIDATE_PRODUCT = YES;
			};
			name = Release;
		};
		4C07730916B9E079009D25C9 /* Debug */ = {
			isa = XCBuildConfiguration;
			buildSettings = {
				GCC_PRECOMPILE_PREFIX_HEADER = YES;
				GCC_PREFIX_HEADER = "SimpleCalculator/SimpleCalculator-Prefix.pch";
				INFOPLIST_FILE = "SimpleCalculator/SimpleCalculator-Info.plist";
				PRODUCT_NAME = "$(TARGET_NAME)";
				WRAPPER_EXTENSION = app;
			};
			name = Debug;
		};
		4C07730A16B9E079009D25C9 /* Release */ = {
			isa = XCBuildConfiguration;
			buildSettings = {
				GCC_PRECOMPILE_PREFIX_HEADER = YES;
				GCC_PREFIX_HEADER = "SimpleCalculator/SimpleCalculator-Prefix.pch";
				INFOPLIST_FILE = "SimpleCalculator/SimpleCalculator-Info.plist";
				PRODUCT_NAME = "$(TARGET_NAME)";
				WRAPPER_EXTENSION = app;
			};
			name = Release;
		};
/* End XCBuildConfiguration section */

/* Begin XCConfigurationList section */
		4C0772E016B9E079009D25C9 /* Build configuration list for PBXProject "SimpleCalculator" */ = {
			isa = XCConfigurationList;
			buildConfigurations = (
				4C07730616B9E079009D25C9 /* Debug */,
				4C07730716B9E079009D25C9 /* Release */,
			);
			defaultConfigurationIsVisible = 0;
			defaultConfigurationName = Release;
		};
		4C07730816B9E079009D25C9 /* Build configuration list for PBXNativeTarget "SimpleCalculator" */ = {
			isa = XCConfigurationList;
			buildConfigurations = (
				4C07730916B9E079009D25C9 /* Debug */,
				4C07730A16B9E079009D25C9 /* Release */,
			);
			defaultConfigurationIsVisible = 0;
		};
/* End XCConfigurationList section */
	};
	rootObject = 4C0772DD16B9E079009D25C9 /* Project object */;
}
